{
  "requires": true,
  "lockfileVersion": 1,
  "dependencies": {
    "uybinh-palindrome": {
      "version": "0.1.0",
      "resolved": "https://registry.npmjs.org/uybinh-palindrome/-/uybinh-palindrome-0.1.0.tgz",
      "integrity": "sha512-86FcHsNKqCQbDMv4AdGtBXRh/dTdYpuvr28HQcWBP1GQAlHeHoOuAuYvQItcB2ul9R4iTdZ1Lp4j21DGxBpDEg=="
    }
  }
}
